// !$*UTF8*$!
{
	archiveVersion = 1;
	classes = {
	};
	objectVersion = 48;
	objects = {

/* Begin PBXBuildFile section */
		F705EB061FC036D700A1AA26 /* Helper.swift in Sources */ = {isa = PBXBuildFile; fileRef = F705EB051FC036D700A1AA26 /* Helper.swift */; };
		F705EB091FC03AF000A1AA26 /* DataManager.swift in Sources */ = {isa = PBXBuildFile; fileRef = F705EB081FC03AF000A1AA26 /* DataManager.swift */; };
		F705EB0B1FC059A100A1AA26 /* User.swift in Sources */ = {isa = PBXBuildFile; fileRef = F705EB0A1FC059A100A1AA26 /* User.swift */; };
		F705EB0D1FC05C0200A1AA26 /* Club.swift in Sources */ = {isa = PBXBuildFile; fileRef = F705EB0C1FC05C0200A1AA26 /* Club.swift */; };
		F705EB0F1FC05C0C00A1AA26 /* Event.swift in Sources */ = {isa = PBXBuildFile; fileRef = F705EB0E1FC05C0C00A1AA26 /* Event.swift */; };
		F705EB111FC1938300A1AA26 /* MenuControlller.swift in Sources */ = {isa = PBXBuildFile; fileRef = F705EB101FC1938300A1AA26 /* MenuControlller.swift */; };
		F705EB131FC1A38400A1AA26 /* MenuCell.swift in Sources */ = {isa = PBXBuildFile; fileRef = F705EB121FC1A38400A1AA26 /* MenuCell.swift */; };
		F705EB161FC1AAA100A1AA26 /* Menu.swift in Sources */ = {isa = PBXBuildFile; fileRef = F705EB151FC1AAA100A1AA26 /* Menu.swift */; };
		F72A79FF1FB6D94D00FC5BE7 /* AppDelegate.swift in Sources */ = {isa = PBXBuildFile; fileRef = F72A79FE1FB6D94D00FC5BE7 /* AppDelegate.swift */; };
		F72A7A011FB6D94D00FC5BE7 /* HomeController.swift in Sources */ = {isa = PBXBuildFile; fileRef = F72A7A001FB6D94D00FC5BE7 /* HomeController.swift */; };
		F72A7A041FB6D94D00FC5BE7 /* Main.storyboard in Resources */ = {isa = PBXBuildFile; fileRef = F72A7A021FB6D94D00FC5BE7 /* Main.storyboard */; };
		F72A7A071FB6D94D00FC5BE7 /* Locator.xcdatamodeld in Sources */ = {isa = PBXBuildFile; fileRef = F72A7A051FB6D94D00FC5BE7 /* Locator.xcdatamodeld */; };
		F72A7A091FB6D94D00FC5BE7 /* Assets.xcassets in Resources */ = {isa = PBXBuildFile; fileRef = F72A7A081FB6D94D00FC5BE7 /* Assets.xcassets */; };
		F72A7A0C1FB6D94D00FC5BE7 /* LaunchScreen.storyboard in Resources */ = {isa = PBXBuildFile; fileRef = F72A7A0A1FB6D94D00FC5BE7 /* LaunchScreen.storyboard */; };
		F72A7A171FB6D94D00FC5BE7 /* LocatorTests.swift in Sources */ = {isa = PBXBuildFile; fileRef = F72A7A161FB6D94D00FC5BE7 /* LocatorTests.swift */; };
		F72A7A221FB6D94D00FC5BE7 /* LocatorUITests.swift in Sources */ = {isa = PBXBuildFile; fileRef = F72A7A211FB6D94D00FC5BE7 /* LocatorUITests.swift */; };
		F72A7A331FB706B100FC5BE7 /* Extensions.swift in Sources */ = {isa = PBXBuildFile; fileRef = F72A7A321FB706B100FC5BE7 /* Extensions.swift */; };
		F72A7A351FB7076500FC5BE7 /* ArtistCell.swift in Sources */ = {isa = PBXBuildFile; fileRef = F72A7A341FB7076500FC5BE7 /* ArtistCell.swift */; };
		F72A7A371FB708DB00FC5BE7 /* MenuBar.swift in Sources */ = {isa = PBXBuildFile; fileRef = F72A7A361FB708DB00FC5BE7 /* MenuBar.swift */; };
		F72A7A391FB7147900FC5BE7 /* BaseCell.swift in Sources */ = {isa = PBXBuildFile; fileRef = F72A7A381FB7147900FC5BE7 /* BaseCell.swift */; };
		F78A05CB1FCA0A400067F67B /* SeedCell.swift in Sources */ = {isa = PBXBuildFile; fileRef = F78A05CA1FCA0A400067F67B /* SeedCell.swift */; };
		F78A05CD1FCA136E0067F67B /* ClubCell.swift in Sources */ = {isa = PBXBuildFile; fileRef = F78A05CC1FCA136E0067F67B /* ClubCell.swift */; };
		F78A05CF1FCA18E30067F67B /* EventsCell.swift in Sources */ = {isa = PBXBuildFile; fileRef = F78A05CE1FCA18E30067F67B /* EventsCell.swift */; };
		F7A8FA3D1FB7281C005E1ED9 /* Artist.swift in Sources */ = {isa = PBXBuildFile; fileRef = F7A8FA3C1FB7281C005E1ED9 /* Artist.swift */; };
/* End PBXBuildFile section */

/* Begin PBXContainerItemProxy section */
		F72A7A131FB6D94D00FC5BE7 /* PBXContainerItemProxy */ = {
			isa = PBXContainerItemProxy;
			containerPortal = F72A79F31FB6D94D00FC5BE7 /* Project object */;
			proxyType = 1;
			remoteGlobalIDString = F72A79FA1FB6D94D00FC5BE7;
			remoteInfo = Locator;
		};
		F72A7A1E1FB6D94D00FC5BE7 /* PBXContainerItemProxy */ = {
			isa = PBXContainerItemProxy;
			containerPortal = F72A79F31FB6D94D00FC5BE7 /* Project object */;
			proxyType = 1;
			remoteGlobalIDString = F72A79FA1FB6D94D00FC5BE7;
			remoteInfo = Locator;
		};
/* End PBXContainerItemProxy section */

/* Begin PBXFileReference section */
		F705EB051FC036D700A1AA26 /* Helper.swift */ = {isa = PBXFileReference; lastKnownFileType = sourcecode.swift; path = Helper.swift; sourceTree = "<group>"; };
		F705EB081FC03AF000A1AA26 /* DataManager.swift */ = {isa = PBXFileReference; lastKnownFileType = sourcecode.swift; path = DataManager.swift; sourceTree = "<group>"; };
		F705EB0A1FC059A100A1AA26 /* User.swift */ = {isa = PBXFileReference; lastKnownFileType = sourcecode.swift; path = User.swift; sourceTree = "<group>"; };
		F705EB0C1FC05C0200A1AA26 /* Club.swift */ = {isa = PBXFileReference; lastKnownFileType = sourcecode.swift; path = Club.swift; sourceTree = "<group>"; };
		F705EB0E1FC05C0C00A1AA26 /* Event.swift */ = {isa = PBXFileReference; lastKnownFileType = sourcecode.swift; path = Event.swift; sourceTree = "<group>"; };
		F705EB101FC1938300A1AA26 /* MenuControlller.swift */ = {isa = PBXFileReference; lastKnownFileType = sourcecode.swift; path = MenuControlller.swift; sourceTree = "<group>"; };
		F705EB121FC1A38400A1AA26 /* MenuCell.swift */ = {isa = PBXFileReference; lastKnownFileType = sourcecode.swift; path = MenuCell.swift; sourceTree = "<group>"; };
		F705EB151FC1AAA100A1AA26 /* Menu.swift */ = {isa = PBXFileReference; lastKnownFileType = sourcecode.swift; path = Menu.swift; sourceTree = "<group>"; };
		F72A79FB1FB6D94D00FC5BE7 /* Locator.app */ = {isa = PBXFileReference; explicitFileType = wrapper.application; includeInIndex = 0; path = Locator.app; sourceTree = BUILT_PRODUCTS_DIR; };
		F72A79FE1FB6D94D00FC5BE7 /* AppDelegate.swift */ = {isa = PBXFileReference; lastKnownFileType = sourcecode.swift; path = AppDelegate.swift; sourceTree = "<group>"; };
		F72A7A001FB6D94D00FC5BE7 /* HomeController.swift */ = {isa = PBXFileReference; lastKnownFileType = sourcecode.swift; path = HomeController.swift; sourceTree = "<group>"; };
		F72A7A031FB6D94D00FC5BE7 /* Base */ = {isa = PBXFileReference; lastKnownFileType = file.storyboard; name = Base; path = Base.lproj/Main.storyboard; sourceTree = "<group>"; };
		F72A7A061FB6D94D00FC5BE7 /* Locator.xcdatamodel */ = {isa = PBXFileReference; lastKnownFileType = wrapper.xcdatamodel; path = Locator.xcdatamodel; sourceTree = "<group>"; };
		F72A7A081FB6D94D00FC5BE7 /* Assets.xcassets */ = {isa = PBXFileReference; lastKnownFileType = folder.assetcatalog; path = Assets.xcassets; sourceTree = "<group>"; };
		F72A7A0B1FB6D94D00FC5BE7 /* Base */ = {isa = PBXFileReference; lastKnownFileType = file.storyboard; name = Base; path = Base.lproj/LaunchScreen.storyboard; sourceTree = "<group>"; };
		F72A7A0D1FB6D94D00FC5BE7 /* Info.plist */ = {isa = PBXFileReference; lastKnownFileType = text.plist.xml; path = Info.plist; sourceTree = "<group>"; };
		F72A7A121FB6D94D00FC5BE7 /* LocatorTests.xctest */ = {isa = PBXFileReference; explicitFileType = wrapper.cfbundle; includeInIndex = 0; path = LocatorTests.xctest; sourceTree = BUILT_PRODUCTS_DIR; };
		F72A7A161FB6D94D00FC5BE7 /* LocatorTests.swift */ = {isa = PBXFileReference; lastKnownFileType = sourcecode.swift; path = LocatorTests.swift; sourceTree = "<group>"; };
		F72A7A181FB6D94D00FC5BE7 /* Info.plist */ = {isa = PBXFileReference; lastKnownFileType = text.plist.xml; path = Info.plist; sourceTree = "<group>"; };
		F72A7A1D1FB6D94D00FC5BE7 /* LocatorUITests.xctest */ = {isa = PBXFileReference; explicitFileType = wrapper.cfbundle; includeInIndex = 0; path = LocatorUITests.xctest; sourceTree = BUILT_PRODUCTS_DIR; };
		F72A7A211FB6D94D00FC5BE7 /* LocatorUITests.swift */ = {isa = PBXFileReference; lastKnownFileType = sourcecode.swift; path = LocatorUITests.swift; sourceTree = "<group>"; };
		F72A7A231FB6D94D00FC5BE7 /* Info.plist */ = {isa = PBXFileReference; lastKnownFileType = text.plist.xml; path = Info.plist; sourceTree = "<group>"; };
		F72A7A321FB706B100FC5BE7 /* Extensions.swift */ = {isa = PBXFileReference; lastKnownFileType = sourcecode.swift; path = Extensions.swift; sourceTree = "<group>"; };
		F72A7A341FB7076500FC5BE7 /* ArtistCell.swift */ = {isa = PBXFileReference; lastKnownFileType = sourcecode.swift; path = ArtistCell.swift; sourceTree = "<group>"; };
		F72A7A361FB708DB00FC5BE7 /* MenuBar.swift */ = {isa = PBXFileReference; lastKnownFileType = sourcecode.swift; path = MenuBar.swift; sourceTree = "<group>"; };
		F72A7A381FB7147900FC5BE7 /* BaseCell.swift */ = {isa = PBXFileReference; lastKnownFileType = sourcecode.swift; path = BaseCell.swift; sourceTree = "<group>"; };
		F78A05CA1FCA0A400067F67B /* SeedCell.swift */ = {isa = PBXFileReference; lastKnownFileType = sourcecode.swift; path = SeedCell.swift; sourceTree = "<group>"; };
		F78A05CC1FCA136E0067F67B /* ClubCell.swift */ = {isa = PBXFileReference; lastKnownFileType = sourcecode.swift; path = ClubCell.swift; sourceTree = "<group>"; };
		F78A05CE1FCA18E30067F67B /* EventsCell.swift */ = {isa = PBXFileReference; lastKnownFileType = sourcecode.swift; path = EventsCell.swift; sourceTree = "<group>"; };
		F7A8FA3C1FB7281C005E1ED9 /* Artist.swift */ = {isa = PBXFileReference; lastKnownFileType = sourcecode.swift; path = Artist.swift; sourceTree = "<group>"; };
/* End PBXFileReference section */

/* Begin PBXFrameworksBuildPhase section */
		F72A79F81FB6D94D00FC5BE7 /* Frameworks */ = {
			isa = PBXFrameworksBuildPhase;
			buildActionMask = 2147483647;
			files = (
			);
			runOnlyForDeploymentPostprocessing = 0;
		};
		F72A7A0F1FB6D94D00FC5BE7 /* Frameworks */ = {
			isa = PBXFrameworksBuildPhase;
			buildActionMask = 2147483647;
			files = (
			);
			runOnlyForDeploymentPostprocessing = 0;
		};
		F72A7A1A1FB6D94D00FC5BE7 /* Frameworks */ = {
			isa = PBXFrameworksBuildPhase;
			buildActionMask = 2147483647;
			files = (
			);
			runOnlyForDeploymentPostprocessing = 0;
		};
/* End PBXFrameworksBuildPhase section */

/* Begin PBXGroup section */
		F705EB071FC03ADD00A1AA26 /* data */ = {
			isa = PBXGroup;
			children = (
				F705EB081FC03AF000A1AA26 /* DataManager.swift */,
			);
			path = data;
			sourceTree = "<group>";
		};
		F72A79F21FB6D94D00FC5BE7 = {
			isa = PBXGroup;
			children = (
				F72A79FD1FB6D94D00FC5BE7 /* Locator */,
				F72A7A151FB6D94D00FC5BE7 /* LocatorTests */,
				F72A7A201FB6D94D00FC5BE7 /* LocatorUITests */,
				F72A79FC1FB6D94D00FC5BE7 /* Products */,
			);
			sourceTree = "<group>";
		};
		F72A79FC1FB6D94D00FC5BE7 /* Products */ = {
			isa = PBXGroup;
			children = (
				F72A79FB1FB6D94D00FC5BE7 /* Locator.app */,
				F72A7A121FB6D94D00FC5BE7 /* LocatorTests.xctest */,
				F72A7A1D1FB6D94D00FC5BE7 /* LocatorUITests.xctest */,
			);
			name = Products;
			sourceTree = "<group>";
		};
		F72A79FD1FB6D94D00FC5BE7 /* Locator */ = {
			isa = PBXGroup;
			children = (
				F705EB071FC03ADD00A1AA26 /* data */,
				F7A8FA3B1FB727DA005E1ED9 /* model */,
				F72A7A2F1FB6DB6600FC5BE7 /* view */,
				F72A7A301FB6DB8A00FC5BE7 /* Controller */,
				F72A7A311FB6DB9600FC5BE7 /* Helpers */,
				F72A7A021FB6D94D00FC5BE7 /* Main.storyboard */,
				F72A79FE1FB6D94D00FC5BE7 /* AppDelegate.swift */,
				F72A7A081FB6D94D00FC5BE7 /* Assets.xcassets */,
				F72A7A0A1FB6D94D00FC5BE7 /* LaunchScreen.storyboard */,
				F72A7A0D1FB6D94D00FC5BE7 /* Info.plist */,
				F72A7A051FB6D94D00FC5BE7 /* Locator.xcdatamodeld */,
			);
			path = Locator;
			sourceTree = "<group>";
		};
		F72A7A151FB6D94D00FC5BE7 /* LocatorTests */ = {
			isa = PBXGroup;
			children = (
				F72A7A161FB6D94D00FC5BE7 /* LocatorTests.swift */,
				F72A7A181FB6D94D00FC5BE7 /* Info.plist */,
			);
			path = LocatorTests;
			sourceTree = "<group>";
		};
		F72A7A201FB6D94D00FC5BE7 /* LocatorUITests */ = {
			isa = PBXGroup;
			children = (
				F72A7A211FB6D94D00FC5BE7 /* LocatorUITests.swift */,
				F72A7A231FB6D94D00FC5BE7 /* Info.plist */,
			);
			path = LocatorUITests;
			sourceTree = "<group>";
		};
		F72A7A2F1FB6DB6600FC5BE7 /* view */ = {
			isa = PBXGroup;
			children = (
				F72A7A341FB7076500FC5BE7 /* ArtistCell.swift */,
				F72A7A361FB708DB00FC5BE7 /* MenuBar.swift */,
				F72A7A381FB7147900FC5BE7 /* BaseCell.swift */,
				F705EB121FC1A38400A1AA26 /* MenuCell.swift */,
				F78A05CA1FCA0A400067F67B /* SeedCell.swift */,
				F78A05CC1FCA136E0067F67B /* ClubCell.swift */,
				F78A05CE1FCA18E30067F67B /* EventsCell.swift */,
			);
			path = view;
			sourceTree = "<group>";
		};
		F72A7A301FB6DB8A00FC5BE7 /* Controller */ = {
			isa = PBXGroup;
			children = (
				F72A7A001FB6D94D00FC5BE7 /* HomeController.swift */,
				F705EB101FC1938300A1AA26 /* MenuControlller.swift */,
			);
			path = Controller;
			sourceTree = "<group>";
		};
		F72A7A311FB6DB9600FC5BE7 /* Helpers */ = {
			isa = PBXGroup;
			children = (
				F72A7A321FB706B100FC5BE7 /* Extensions.swift */,
				F705EB051FC036D700A1AA26 /* Helper.swift */,
			);
			path = Helpers;
			sourceTree = "<group>";
		};
		F7A8FA3B1FB727DA005E1ED9 /* model */ = {
			isa = PBXGroup;
			children = (
				F7A8FA3C1FB7281C005E1ED9 /* Artist.swift */,
				F705EB0A1FC059A100A1AA26 /* User.swift */,
				F705EB0C1FC05C0200A1AA26 /* Club.swift */,
				F705EB0E1FC05C0C00A1AA26 /* Event.swift */,
				F705EB151FC1AAA100A1AA26 /* Menu.swift */,
			);
			path = model;
			sourceTree = "<group>";
		};
/* End PBXGroup section */

/* Begin PBXNativeTarget section */
		F72A79FA1FB6D94D00FC5BE7 /* Locator */ = {
			isa = PBXNativeTarget;
			buildConfigurationList = F72A7A261FB6D94D00FC5BE7 /* Build configuration list for PBXNativeTarget "Locator" */;
			buildPhases = (
				F72A79F71FB6D94D00FC5BE7 /* Sources */,
				F72A79F81FB6D94D00FC5BE7 /* Frameworks */,
				F72A79F91FB6D94D00FC5BE7 /* Resources */,
			);
			buildRules = (
			);
			dependencies = (
			);
			name = Locator;
			productName = Locator;
			productReference = F72A79FB1FB6D94D00FC5BE7 /* Locator.app */;
			productType = "com.apple.product-type.application";
		};
		F72A7A111FB6D94D00FC5BE7 /* LocatorTests */ = {
			isa = PBXNativeTarget;
			buildConfigurationList = F72A7A291FB6D94D00FC5BE7 /* Build configuration list for PBXNativeTarget "LocatorTests" */;
			buildPhases = (
				F72A7A0E1FB6D94D00FC5BE7 /* Sources */,
				F72A7A0F1FB6D94D00FC5BE7 /* Frameworks */,
				F72A7A101FB6D94D00FC5BE7 /* Resources */,
			);
			buildRules = (
			);
			dependencies = (
				F72A7A141FB6D94D00FC5BE7 /* PBXTargetDependency */,
			);
			name = LocatorTests;
			productName = LocatorTests;
			productReference = F72A7A121FB6D94D00FC5BE7 /* LocatorTests.xctest */;
			productType = "com.apple.product-type.bundle.unit-test";
		};
		F72A7A1C1FB6D94D00FC5BE7 /* LocatorUITests */ = {
			isa = PBXNativeTarget;
			buildConfigurationList = F72A7A2C1FB6D94D00FC5BE7 /* Build configuration list for PBXNativeTarget "LocatorUITests" */;
			buildPhases = (
				F72A7A191FB6D94D00FC5BE7 /* Sources */,
				F72A7A1A1FB6D94D00FC5BE7 /* Frameworks */,
				F72A7A1B1FB6D94D00FC5BE7 /* Resources */,
			);
			buildRules = (
			);
			dependencies = (
				F72A7A1F1FB6D94D00FC5BE7 /* PBXTargetDependency */,
			);
			name = LocatorUITests;
			productName = LocatorUITests;
			productReference = F72A7A1D1FB6D94D00FC5BE7 /* LocatorUITests.xctest */;
			productType = "com.apple.product-type.bundle.ui-testing";
		};
/* End PBXNativeTarget section */

/* Begin PBXProject section */
		F72A79F31FB6D94D00FC5BE7 /* Project object */ = {
			isa = PBXProject;
			attributes = {
				LastSwiftUpdateCheck = 0900;
				LastUpgradeCheck = 0900;
				ORGANIZATIONNAME = Tucksee;
				TargetAttributes = {
					F72A79FA1FB6D94D00FC5BE7 = {
						CreatedOnToolsVersion = 9.0.1;
						ProvisioningStyle = Automatic;
					};
					F72A7A111FB6D94D00FC5BE7 = {
						CreatedOnToolsVersion = 9.0.1;
						ProvisioningStyle = Automatic;
						TestTargetID = F72A79FA1FB6D94D00FC5BE7;
					};
					F72A7A1C1FB6D94D00FC5BE7 = {
						CreatedOnToolsVersion = 9.0.1;
						ProvisioningStyle = Automatic;
						TestTargetID = F72A79FA1FB6D94D00FC5BE7;
					};
				};
			};
			buildConfigurationList = F72A79F61FB6D94D00FC5BE7 /* Build configuration list for PBXProject "Locator" */;
			compatibilityVersion = "Xcode 8.0";
			developmentRegion = en;
			hasScannedForEncodings = 0;
			knownRegions = (
				en,
				Base,
			);
			mainGroup = F72A79F21FB6D94D00FC5BE7;
			productRefGroup = F72A79FC1FB6D94D00FC5BE7 /* Products */;
			projectDirPath = "";
			projectRoot = "";
			targets = (
				F72A79FA1FB6D94D00FC5BE7 /* Locator */,
				F72A7A111FB6D94D00FC5BE7 /* LocatorTests */,
				F72A7A1C1FB6D94D00FC5BE7 /* LocatorUITests */,
			);
		};
/* End PBXProject section */

/* Begin PBXResourcesBuildPhase section */
		F72A79F91FB6D94D00FC5BE7 /* Resources */ = {
			isa = PBXResourcesBuildPhase;
			buildActionMask = 2147483647;
			files = (
				F72A7A0C1FB6D94D00FC5BE7 /* LaunchScreen.storyboard in Resources */,
				F72A7A091FB6D94D00FC5BE7 /* Assets.xcassets in Resources */,
				F72A7A041FB6D94D00FC5BE7 /* Main.storyboard in Resources */,
			);
			runOnlyForDeploymentPostprocessing = 0;
		};
		F72A7A101FB6D94D00FC5BE7 /* Resources */ = {
			isa = PBXResourcesBuildPhase;
			buildActionMask = 2147483647;
			files = (
			);
			runOnlyForDeploymentPostprocessing = 0;
		};
		F72A7A1B1FB6D94D00FC5BE7 /* Resources */ = {
			isa = PBXResourcesBuildPhase;
			buildActionMask = 2147483647;
			files = (
			);
			runOnlyForDeploymentPostprocessing = 0;
		};
/* End PBXResourcesBuildPhase section */

/* Begin PBXSourcesBuildPhase section */
		F72A79F71FB6D94D00FC5BE7 /* Sources */ = {
			isa = PBXSourcesBuildPhase;
			buildActionMask = 2147483647;
			files = (
				F72A7A071FB6D94D00FC5BE7 /* Locator.xcdatamodeld in Sources */,
				F705EB091FC03AF000A1AA26 /* DataManager.swift in Sources */,
				F72A7A011FB6D94D00FC5BE7 /* HomeController.swift in Sources */,
				F72A7A371FB708DB00FC5BE7 /* MenuBar.swift in Sources */,
				F72A79FF1FB6D94D00FC5BE7 /* AppDelegate.swift in Sources */,
				F78A05CF1FCA18E30067F67B /* EventsCell.swift in Sources */,
				F72A7A391FB7147900FC5BE7 /* BaseCell.swift in Sources */,
				F78A05CB1FCA0A400067F67B /* SeedCell.swift in Sources */,
				F78A05CD1FCA136E0067F67B /* ClubCell.swift in Sources */,
				F72A7A351FB7076500FC5BE7 /* ArtistCell.swift in Sources */,
				F705EB0D1FC05C0200A1AA26 /* Club.swift in Sources */,
				F705EB061FC036D700A1AA26 /* Helper.swift in Sources */,
				F7A8FA3D1FB7281C005E1ED9 /* Artist.swift in Sources */,
				F705EB161FC1AAA100A1AA26 /* Menu.swift in Sources */,
				F72A7A331FB706B100FC5BE7 /* Extensions.swift in Sources */,
				F705EB131FC1A38400A1AA26 /* MenuCell.swift in Sources */,
				F705EB0B1FC059A100A1AA26 /* User.swift in Sources */,
				F705EB111FC1938300A1AA26 /* MenuControlller.swift in Sources */,
				F705EB0F1FC05C0C00A1AA26 /* Event.swift in Sources */,
			);
			runOnlyForDeploymentPostprocessing = 0;
		};
		F72A7A0E1FB6D94D00FC5BE7 /* Sources */ = {
			isa = PBXSourcesBuildPhase;
			buildActionMask = 2147483647;
			files = (
				F72A7A171FB6D94D00FC5BE7 /* LocatorTests.swift in Sources */,
			);
			runOnlyForDeploymentPostprocessing = 0;
		};
		F72A7A191FB6D94D00FC5BE7 /* Sources */ = {
			isa = PBXSourcesBuildPhase;
			buildActionMask = 2147483647;
			files = (
				F72A7A221FB6D94D00FC5BE7 /* LocatorUITests.swift in Sources */,
			);
			runOnlyForDeploymentPostprocessing = 0;
		};
/* End PBXSourcesBuildPhase section */

/* Begin PBXTargetDependency section */
		F72A7A141FB6D94D00FC5BE7 /* PBXTargetDependency */ = {
			isa = PBXTargetDependency;
			target = F72A79FA1FB6D94D00FC5BE7 /* Locator */;
			targetProxy = F72A7A131FB6D94D00FC5BE7 /* PBXContainerItemProxy */;
		};
		F72A7A1F1FB6D94D00FC5BE7 /* PBXTargetDependency */ = {
			isa = PBXTargetDependency;
			target = F72A79FA1FB6D94D00FC5BE7 /* Locator */;
			targetProxy = F72A7A1E1FB6D94D00FC5BE7 /* PBXContainerItemProxy */;
		};
/* End PBXTargetDependency section */

/* Begin PBXVariantGroup section */
		F72A7A021FB6D94D00FC5BE7 /* Main.storyboard */ = {
			isa = PBXVariantGroup;
			children = (
				F72A7A031FB6D94D00FC5BE7 /* Base */,
			);
			name = Main.storyboard;
			sourceTree = "<group>";
		};
		F72A7A0A1FB6D94D00FC5BE7 /* LaunchScreen.storyboard */ = {
			isa = PBXVariantGroup;
			children = (
				F72A7A0B1FB6D94D00FC5BE7 /* Base */,
			);
			name = LaunchScreen.storyboard;
			sourceTree = "<group>";
		};
/* End PBXVariantGroup section */

/* Begin XCBuildConfiguration section */
		F72A7A241FB6D94D00FC5BE7 /* Debug */ = {
			isa = XCBuildConfiguration;
			buildSettings = {
				ALWAYS_SEARCH_USER_PATHS = NO;
				CLANG_ANALYZER_NONNULL = YES;
				CLANG_ANALYZER_NUMBER_OBJECT_CONVERSION = YES_AGGRESSIVE;
				CLANG_CXX_LANGUAGE_STANDARD = "gnu++14";
				CLANG_CXX_LIBRARY = "libc++";
				CLANG_ENABLE_MODULES = YES;
				CLANG_ENABLE_OBJC_ARC = YES;
				CLANG_WARN_BLOCK_CAPTURE_AUTORELEASING = YES;
				CLANG_WARN_BOOL_CONVERSION = YES;
				CLANG_WARN_COMMA = YES;
				CLANG_WARN_CONSTANT_CONVERSION = YES;
				CLANG_WARN_DIRECT_OBJC_ISA_USAGE = YES_ERROR;
				CLANG_WARN_DOCUMENTATION_COMMENTS = YES;
				CLANG_WARN_EMPTY_BODY = YES;
				CLANG_WARN_ENUM_CONVERSION = YES;
				CLANG_WARN_INFINITE_RECURSION = YES;
				CLANG_WARN_INT_CONVERSION = YES;
				CLANG_WARN_NON_LITERAL_NULL_CONVERSION = YES;
				CLANG_WARN_OBJC_LITERAL_CONVERSION = YES;
				CLANG_WARN_OBJC_ROOT_CLASS = YES_ERROR;
				CLANG_WARN_RANGE_LOOP_ANALYSIS = YES;
				CLANG_WARN_STRICT_PROTOTYPES = YES;
				CLANG_WARN_SUSPICIOUS_MOVE = YES;
				CLANG_WARN_UNGUARDED_AVAILABILITY = YES_AGGRESSIVE;
				CLANG_WARN_UNREACHABLE_CODE = YES;
				CLANG_WARN__DUPLICATE_METHOD_MATCH = YES;
				CODE_SIGN_IDENTITY = "iPhone Developer";
				COPY_PHASE_STRIP = NO;
				DEBUG_INFORMATION_FORMAT = dwarf;
				ENABLE_STRICT_OBJC_MSGSEND = YES;
				ENABLE_TESTABILITY = YES;
				GCC_C_LANGUAGE_STANDARD = gnu11;
				GCC_DYNAMIC_NO_PIC = NO;
				GCC_NO_COMMON_BLOCKS = YES;
				GCC_OPTIMIZATION_LEVEL = 0;
				GCC_PREPROCESSOR_DEFINITIONS = (
					"DEBUG=1",
					"$(inherited)",
				);
				GCC_WARN_64_TO_32_BIT_CONVERSION = YES;
				GCC_WARN_ABOUT_RETURN_TYPE = YES_ERROR;
				GCC_WARN_UNDECLARED_SELECTOR = YES;
				GCC_WARN_UNINITIALIZED_AUTOS = YES_AGGRESSIVE;
				GCC_WARN_UNUSED_FUNCTION = YES;
				GCC_WARN_UNUSED_VARIABLE = YES;
				IPHONEOS_DEPLOYMENT_TARGET = 11.0;
				MTL_ENABLE_DEBUG_INFO = YES;
				ONLY_ACTIVE_ARCH = YES;
				SDKROOT = iphoneos;
				SWIFT_ACTIVE_COMPILATION_CONDITIONS = DEBUG;
				SWIFT_OPTIMIZATION_LEVEL = "-Onone";
			};
			name = Debug;
		};
		F72A7A251FB6D94D00FC5BE7 /* Release */ = {
			isa = XCBuildConfiguration;
			buildSettings = {
				ALWAYS_SEARCH_USER_PATHS = NO;
				CLANG_ANALYZER_NONNULL = YES;
				CLANG_ANALYZER_NUMBER_OBJECT_CONVERSION = YES_AGGRESSIVE;
				CLANG_CXX_LANGUAGE_STANDARD = "gnu++14";
				CLANG_CXX_LIBRARY = "libc++";
				CLANG_ENABLE_MODULES = YES;
				CLANG_ENABLE_OBJC_ARC = YES;
				CLANG_WARN_BLOCK_CAPTURE_AUTORELEASING = YES;
				CLANG_WARN_BOOL_CONVERSION = YES;
				CLANG_WARN_COMMA = YES;
				CLANG_WARN_CONSTANT_CONVERSION = YES;
				CLANG_WARN_DIRECT_OBJC_ISA_USAGE = YES_ERROR;
				CLANG_WARN_DOCUMENTATION_COMMENTS = YES;
				CLANG_WARN_EMPTY_BODY = YES;
				CLANG_WARN_ENUM_CONVERSION = YES;
				CLANG_WARN_INFINITE_RECURSION = YES;
				CLANG_WARN_INT_CONVERSION = YES;
				CLANG_WARN_NON_LITERAL_NULL_CONVERSION = YES;
				CLANG_WARN_OBJC_LITERAL_CONVERSION = YES;
				CLANG_WARN_OBJC_ROOT_CLASS = YES_ERROR;
				CLANG_WARN_RANGE_LOOP_ANALYSIS = YES;
				CLANG_WARN_STRICT_PROTOTYPES = YES;
				CLANG_WARN_SUSPICIOUS_MOVE = YES;
				CLANG_WARN_UNGUARDED_AVAILABILITY = YES_AGGRESSIVE;
				CLANG_WARN_UNREACHABLE_CODE = YES;
				CLANG_WARN__DUPLICATE_METHOD_MATCH = YES;
				CODE_SIGN_IDENTITY = "iPhone Developer";
				COPY_PHASE_STRIP = NO;
				DEBUG_INFORMATION_FORMAT = "dwarf-with-dsym";
				ENABLE_NS_ASSERTIONS = NO;
				ENABLE_STRICT_OBJC_MSGSEND = YES;
				GCC_C_LANGUAGE_STANDARD = gnu11;
				GCC_NO_COMMON_BLOCKS = YES;
				GCC_WARN_64_TO_32_BIT_CONVERSION = YES;
				GCC_WARN_ABOUT_RETURN_TYPE = YES_ERROR;
				GCC_WARN_UNDECLARED_SELECTOR = YES;
				GCC_WARN_UNINITIALIZED_AUTOS = YES_AGGRESSIVE;
				GCC_WARN_UNUSED_FUNCTION = YES;
				GCC_WARN_UNUSED_VARIABLE = YES;
				IPHONEOS_DEPLOYMENT_TARGET = 11.0;
				MTL_ENABLE_DEBUG_INFO = NO;
				SDKROOT = iphoneos;
				SWIFT_OPTIMIZATION_LEVEL = "-Owholemodule";
				VALIDATE_PRODUCT = YES;
			};
			name = Release;
		};
		F72A7A271FB6D94D00FC5BE7 /* Debug */ = {
			isa = XCBuildConfiguration;
			buildSettings = {
				ASSETCATALOG_COMPILER_APPICON_NAME = AppIcon;
				CODE_SIGN_STYLE = Automatic;
				DEVELOPMENT_TEAM = MSVDEC2HV6;
				INFOPLIST_FILE = Locator/Info.plist;
				LD_RUNPATH_SEARCH_PATHS = "$(inherited) @executable_path/Frameworks";
				PRODUCT_BUNDLE_IDENTIFIER = sz.co.itnerds.locator.Locator;
				PRODUCT_NAME = "$(TARGET_NAME)";
				SWIFT_VERSION = 4.0;
				TARGETED_DEVICE_FAMILY = "1,2";
			};
			name = Debug;
		};
		F72A7A281FB6D94D00FC5BE7 /* Release */ = {
			isa = XCBuildConfiguration;
			buildSettings = {
				ASSETCATALOG_COMPILER_APPICON_NAME = AppIcon;
				CODE_SIGN_STYLE = Automatic;
				DEVELOPMENT_TEAM = MSVDEC2HV6;
				INFOPLIST_FILE = Locator/Info.plist;
				LD_RUNPATH_SEARCH_PATHS = "$(inherited) @executable_path/Frameworks";
				PRODUCT_BUNDLE_IDENTIFIER = sz.co.itnerds.locator.Locator;
				PRODUCT_NAME = "$(TARGET_NAME)";
				SWIFT_VERSION = 4.0;
				TARGETED_DEVICE_FAMILY = "1,2";
			};
			name = Release;
		};
		F72A7A2A1FB6D94D00FC5BE7 /* Debug */ = {
			isa = XCBuildConfiguration;
			buildSettings = {
				ALWAYS_EMBED_SWIFT_STANDARD_LIBRARIES = YES;
				BUNDLE_LOADER = "$(TEST_HOST)";
				CODE_SIGN_STYLE = Automatic;
				DEVELOPMENT_TEAM = MSVDEC2HV6;
				INFOPLIST_FILE = LocatorTests/Info.plist;
				LD_RUNPATH_SEARCH_PATHS = "$(inherited) @executable_path/Frameworks @loader_path/Frameworks";
				PRODUCT_BUNDLE_IDENTIFIER = sz.co.itnerds.locator.LocatorTests;
				PRODUCT_NAME = "$(TARGET_NAME)";
				SWIFT_VERSION = 4.0;
				TARGETED_DEVICE_FAMILY = "1,2";
				TEST_HOST = "$(BUILT_PRODUCTS_DIR)/Locator.app/Locator";
			};
			name = Debug;
		};
		F72A7A2B1FB6D94D00FC5BE7 /* Release */ = {
			isa = XCBuildConfiguration;
			buildSettings = {
				ALWAYS_EMBED_SWIFT_STANDARD_LIBRARIES = YES;
				BUNDLE_LOADER = "$(TEST_HOST)";
				CODE_SIGN_STYLE = Automatic;
				DEVELOPMENT_TEAM = MSVDEC2HV6;
				INFOPLIST_FILE = LocatorTests/Info.plist;
				LD_RUNPATH_SEARCH_PATHS = "$(inherited) @executable_path/Frameworks @loader_path/Frameworks";
				PRODUCT_BUNDLE_IDENTIFIER = sz.co.itnerds.locator.LocatorTests;
				PRODUCT_NAME = "$(TARGET_NAME)";
				SWIFT_VERSION = 4.0;
				TARGETED_DEVICE_FAMILY = "1,2";
				TEST_HOST = "$(BUILT_PRODUCTS_DIR)/Locator.app/Locator";
			};
			name = Release;
		};
		F72A7A2D1FB6D94D00FC5BE7 /* Debug */ = {
			isa = XCBuildConfiguration;
			buildSettings = {
				ALWAYS_EMBED_SWIFT_STANDARD_LIBRARIES = YES;
				CODE_SIGN_STYLE = Automatic;
				DEVELOPMENT_TEAM = MSVDEC2HV6;
				INFOPLIST_FILE = LocatorUITests/Info.plist;
				LD_RUNPATH_SEARCH_PATHS = "$(inherited) @executable_path/Frameworks @loader_path/Frameworks";
				PRODUCT_BUNDLE_IDENTIFIER = sz.co.itnerds.locator.LocatorUITests;
				PRODUCT_NAME = "$(TARGET_NAME)";
				SWIFT_VERSION = 4.0;
				TARGETED_DEVICE_FAMILY = "1,2";
				TEST_TARGET_NAME = Locator;
			};
			name = Debug;
		};
		F72A7A2E1FB6D94D00FC5BE7 /* Release */ = {
			isa = XCBuildConfiguration;
			buildSettings = {
				ALWAYS_EMBED_SWIFT_STANDARD_LIBRARIES = YES;
				CODE_SIGN_STYLE = Automatic;
				DEVELOPMENT_TEAM = MSVDEC2HV6;
				INFOPLIST_FILE = LocatorUITests/Info.plist;
				LD_RUNPATH_SEARCH_PATHS = "$(inherited) @executable_path/Frameworks @loader_path/Frameworks";
				PRODUCT_BUNDLE_IDENTIFIER = sz.co.itnerds.locator.LocatorUITests;
				PRODUCT_NAME = "$(TARGET_NAME)";
				SWIFT_VERSION = 4.0;
				TARGETED_DEVICE_FAMILY = "1,2";
				TEST_TARGET_NAME = Locator;
			};
			name = Release;
		};
/* End XCBuildConfiguration section */

/* Begin XCConfigurationList section */
		F72A79F61FB6D94D00FC5BE7 /* Build configuration list for PBXProject "Locator" */ = {
			isa = XCConfigurationList;
			buildConfigurations = (
				F72A7A241FB6D94D00FC5BE7 /* Debug */,
				F72A7A251FB6D94D00FC5BE7 /* Release */,
			);
			defaultConfigurationIsVisible = 0;
			defaultConfigurationName = Release;
		};
		F72A7A261FB6D94D00FC5BE7 /* Build configuration list for PBXNativeTarget "Locator" */ = {
			isa = XCConfigurationList;
			buildConfigurations = (
				F72A7A271FB6D94D00FC5BE7 /* Debug */,
				F72A7A281FB6D94D00FC5BE7 /* Release */,
			);
			defaultConfigurationIsVisible = 0;
			defaultConfigurationName = Release;
		};
		F72A7A291FB6D94D00FC5BE7 /* Build configuration list for PBXNativeTarget "LocatorTests" */ = {
			isa = XCConfigurationList;
			buildConfigurations = (
				F72A7A2A1FB6D94D00FC5BE7 /* Debug */,
				F72A7A2B1FB6D94D00FC5BE7 /* Release */,
			);
			defaultConfigurationIsVisible = 0;
			defaultConfigurationName = Release;
		};
		F72A7A2C1FB6D94D00FC5BE7 /* Build configuration list for PBXNativeTarget "LocatorUITests" */ = {
			isa = XCConfigurationList;
			buildConfigurations = (
				F72A7A2D1FB6D94D00FC5BE7 /* Debug */,
				F72A7A2E1FB6D94D00FC5BE7 /* Release */,
			);
			defaultConfigurationIsVisible = 0;
			defaultConfigurationName = Release;
		};
/* End XCConfigurationList section */

/* Begin XCVersionGroup section */
		F72A7A051FB6D94D00FC5BE7 /* Locator.xcdatamodeld */ = {
			isa = XCVersionGroup;
			children = (
				F72A7A061FB6D94D00FC5BE7 /* Locator.xcdatamodel */,
			);
			currentVersion = F72A7A061FB6D94D00FC5BE7 /* Locator.xcdatamodel */;
			path = Locator.xcdatamodeld;
			sourceTree = "<group>";
			versionGroupType = wrapper.xcdatamodel;
		};
/* End XCVersionGroup section */
	};
	rootObject = F72A79F31FB6D94D00FC5BE7 /* Project object */;
}
